
Microsoft Visual Studio Solution File, Format Version 12.00
# Visual Studio Version 17
VisualStudioVersion = 17.3.32922.545
MinimumVisualStudioVersion = 10.0.40219.1
Project("{FAE04EC0-301F-11D3-BF4B-00C04F79EFBC}") = "Balance", "Balance.csproj", "{53DFBB89-8496-4612-ABA2-2E52F94E187F}"
EndProject
Global
	GlobalSection(SolutionConfigurationPlatforms) = preSolution
		Debug|Any CPU = Debug|Any CPU
		Release|Any CPU = Release|Any CPU
	EndGlobalSection
	GlobalSection(ProjectConfigurationPlatforms) = postSolution
		{53DFBB89-8496-4612-ABA2-2E52F94E187F}.Debug|Any CPU.ActiveCfg = Debug|Any CPU
		{53DFBB89-8496-4612-ABA2-2E52F94E187F}.Debug|Any CPU.Build.0 = Debug|Any CPU
		{53DFBB89-8496-4612-ABA2-2E52F94E187F}.Release|Any CPU.ActiveCfg = Release|Any CPU
		{53DFBB89-8496-4612-ABA2-2E52F94E187F}.Release|Any CPU.Build.0 = Release|Any CPU
	EndGlobalSection
	GlobalSection(SolutionProperties) = preSolution
		HideSolutionNode = FALSE
	EndGlobalSection
	GlobalSection(ExtensibilityGlobals) = postSolution
		SolutionGuid = {21A84F05-F7F1-46FD-B5BC-DA765244E112}
	EndGlobalSection
EndGlobal
